
Microsoft Visual Studio Solution File, Format Version 12.00
Project("{FAE04EC0-301F-11D3-BF4B-00C04F79EFBC}") = "ThinCakeTelegram", "ThinCakeTelegram\ThinCakeTelegram.csproj", "{D0D2FDFD-271A-4148-851E-6EC9005AA209}"
EndProject
Global
	GlobalSection(SolutionConfigurationPlatforms) = preSolution
		Debug|Any CPU = Debug|Any CPU
		Release|Any CPU = Release|Any CPU
	EndGlobalSection
	GlobalSection(ProjectConfigurationPlatforms) = postSolution
		{D0D2FDFD-271A-4148-851E-6EC9005AA209}.Debug|Any CPU.ActiveCfg = Debug|Any CPU
		{D0D2FDFD-271A-4148-851E-6EC9005AA209}.Debug|Any CPU.Build.0 = Debug|Any CPU
		{D0D2FDFD-271A-4148-851E-6EC9005AA209}.Release|Any CPU.ActiveCfg = Release|Any CPU
		{D0D2FDFD-271A-4148-851E-6EC9005AA209}.Release|Any CPU.Build.0 = Release|Any CPU
	EndGlobalSection
EndGlobal
